<?xml version="1.0" encoding="utf-8"?>
<Project ToolsVersion="4.0" xmlns="http://schemas.microsoft.com/developer/msbuild/2003">
  <ItemGroup>
    <Filter Include="源文件">
      <UniqueIdentifier>{4FC737F1-C7A5-4376-A066-2A32D752A2FF}</UniqueIdentifier>
      <Extensions>cpp;c;cc;cxx;c++;cppm;ixx;def;odl;idl;hpj;bat;asm;asmx</Extensions>
    </Filter>
    <Filter Include="头文件">
      <UniqueIdentifier>{93995380-89BD-4b04-88EB-625FBE52EBFB}</UniqueIdentifier>
      <Extensions>h;hh;hpp;hxx;h++;hm;inl;inc;ipp;xsd</Extensions>
    </Filter>
    <Filter Include="资源文件">
      <UniqueIdentifier>{67DA6AB6-F800-4c08-8B7A-83BB121AAD01}</UniqueIdentifier>
      <Extensions>rc;ico;cur;bmp;dlg;rc2;rct;bin;rgs;gif;jpg;jpeg;jpe;resx;tiff;tif;png;wav;mfcribbon-ms</Extensions>
    </Filter>
    <Filter Include="minHook">
      <UniqueIdentifier>{c2067915-ea92-45dd-a925-e0f7731ba316}</UniqueIdentifier>
    </Filter>
    <Filter Include="imgui">
      <UniqueIdentifier>{49d21573-3161-447b-8c01-513853e8e238}</UniqueIdentifier>
    </Filter>
    <Filter Include="源文件\core">
      <UniqueIdentifier>{703908cc-01aa-4ef1-a650-eae97ce88faa}</UniqueIdentifier>
    </Filter>
    <Filter Include="源文件\config">
      <UniqueIdentifier>{03b2efad-c151-47c4-9a9e-8dd6adb8d816}</UniqueIdentifier>
    </Filter>
    <Filter Include="源文件\ui">
      <UniqueIdentifier>{9bfa648d-53fb-4ec3-8228-15005986d180}</UniqueIdentifier>
    </Filter>
    <Filter Include="源文件\utils">
      <UniqueIdentifier>{165b8985-a07e-4d78-81a0-2fc0e036254f}</UniqueIdentifier>
    </Filter>
    <Filter Include="源文件\core\items">
      <UniqueIdentifier>{577df14c-f98c-4a72-a0d5-8a564a99603b}</UniqueIdentifier>
    </Filter>
    <Filter Include="源文件\AudioEngine">
      <UniqueIdentifier>{9ab1bf8f-92fa-46e3-8522-81eeb3863464}</UniqueIdentifier>
    </Filter>
    <Filter Include="miniaudio">
      <UniqueIdentifier>{f00d2bf3-5f1e-420f-bc0d-57d62e1951aa}</UniqueIdentifier>
    </Filter>
    <Filter Include="源文件\App">
      <UniqueIdentifier>{f414afce-aa5f-4d73-b2d5-4d3e097231c3}</UniqueIdentifier>
    </Filter>
    <Filter Include="源文件\core\items\utiis">
      <UniqueIdentifier>{bb97f6cc-584f-435f-90d6-6f1e079202e4}</UniqueIdentifier>
    </Filter>
    <Filter Include="源文件\core\items\huds">
      <UniqueIdentifier>{c970ca3f-78c8-4697-9ff0-7fe9bf0454a5}</UniqueIdentifier>
    </Filter>
    <Filter Include="源文件\core\items\virtual">
      <UniqueIdentifier>{00ebaae9-89e1-4455-86ff-34b20c2a9ea5}</UniqueIdentifier>
    </Filter>
    <Filter Include="源文件\core\items\virtual\Modules">
      <UniqueIdentifier>{867c89d7-0869-4658-856a-cc62cec701d7}</UniqueIdentifier>
    </Filter>
    <Filter Include="源文件\imGuiHelper">
      <UniqueIdentifier>{a5cf8f41-8a4d-4685-ba30-5d572d8b85c5}</UniqueIdentifier>
    </Filter>
    <Filter Include="源文件\imGuiHelper\fonts">
      <UniqueIdentifier>{2427612b-6221-4142-a134-56f4547b109d}</UniqueIdentifier>
    </Filter>
    <Filter Include="源文件\ui\menu">
      <UniqueIdentifier>{55dec776-c4ff-4705-8cc8-2cf65b555978}</UniqueIdentifier>
    </Filter>
  </ItemGroup>
  <ItemGroup>
    <ClInclude Include="minHook\MinHook.h">
      <Filter>minHook</Filter>
    </ClInclude>
    <ClInclude Include="pch.h">
      <Filter>头文件</Filter>
    </ClInclude>
    <ClInclude Include="imgui\imgui.h">
      <Filter>imgui</Filter>
    </ClInclude>
    <ClInclude Include="imgui\imgui_impl_opengl2.h">
      <Filter>imgui</Filter>
    </ClInclude>
    <ClInclude Include="imgui\imgui_impl_opengl3.h">
      <Filter>imgui</Filter>
    </ClInclude>
    <ClInclude Include="imgui\imgui_impl_opengl3_loader.h">
      <Filter>imgui</Filter>
    </ClInclude>
    <ClInclude Include="imgui\imgui_impl_win32.h">
      <Filter>imgui</Filter>
    </ClInclude>
    <ClInclude Include="imgui\imgui_internal.h">
      <Filter>imgui</Filter>
    </ClInclude>
    <ClInclude Include="imgui\imstb_rectpack.h">
      <Filter>imgui</Filter>
    </ClInclude>
    <ClInclude Include="imgui\imstb_textedit.h">
      <Filter>imgui</Filter>
    </ClInclude>
    <ClInclude Include="imgui\imstb_truetype.h">
      <Filter>imgui</Filter>
    </ClInclude>
    <ClInclude Include="imgui\imconfig.h">
      <Filter>imgui</Filter>
    </ClInclude>
    <ClInclude Include="ItemManager.h">
      <Filter>源文件\core</Filter>
    </ClInclude>
    <ClInclude Include="ConfigManager.h">
      <Filter>源文件\config</Filter>
    </ClInclude>
    <ClInclude Include="GlobalConfig.h">
      <Filter>源文件\config</Filter>
    </ClInclude>
    <ClInclude Include="HttpClient.h">
      <Filter>源文件\utils</Filter>
    </ClInclude>
    <ClInclude Include="AudioManager.h">
      <Filter>源文件\AudioEngine</Filter>
    </ClInclude>
    <ClInclude Include="miniaudio\miniaudio.h">
      <Filter>miniaudio</Filter>
    </ClInclude>
    <ClInclude Include="App.h">
      <Filter>源文件\App</Filter>
    </ClInclude>
    <ClInclude Include="BilibiliFansItem.h">
      <Filter>源文件\core\items\huds</Filter>
    </ClInclude>
    <ClInclude Include="CounterItem.h">
      <Filter>源文件\core\items\huds</Filter>
    </ClInclude>
    <ClInclude Include="DanmakuItem.h">
      <Filter>源文件\core\items\huds</Filter>
    </ClInclude>
    <ClInclude Include="FileCountItem.h">
      <Filter>源文件\core\items\huds</Filter>
    </ClInclude>
    <ClInclude Include="FpsItem.h">
      <Filter>源文件\core\items\huds</Filter>
    </ClInclude>
    <ClInclude Include="TextItem.h">
      <Filter>源文件\core\items\huds</Filter>
    </ClInclude>
    <ClInclude Include="TimeItem.h">
      <Filter>源文件\core\items\huds</Filter>
    </ClInclude>
    <ClInclude Include="Item.h">
      <Filter>源文件\core\items\virtual</Filter>
    </ClInclude>
    <ClInclude Include="AffixModule.h">
      <Filter>源文件\core\items\virtual\Modules</Filter>
    </ClInclude>
    <ClInclude Include="SoundModule.h">
      <Filter>源文件\core\items\virtual\Modules</Filter>
    </ClInclude>
    <ClInclude Include="UpdateModule.h">
      <Filter>源文件\core\items\virtual\Modules</Filter>
    </ClInclude>
    <ClInclude Include="WindowModule.h">
      <Filter>源文件\core\items\virtual\Modules</Filter>
    </ClInclude>
    <ClInclude Include="WindowSnapper.h">
      <Filter>源文件\core\items\virtual\Modules</Filter>
    </ClInclude>
    <ClInclude Include="FileUtils.h">
      <Filter>源文件\utils</Filter>
    </ClInclude>
    <ClInclude Include="VK_Keymap.h">
      <Filter>源文件\imGuiHelper</Filter>
    </ClInclude>
    <ClInclude Include="ImGuiStd.h">
      <Filter>源文件\imGuiHelper</Filter>
    </ClInclude>
    <ClInclude Include="StringConverter.h">
      <Filter>源文件\utils</Filter>
    </ClInclude>
    <ClInclude Include="fonts\Uranus_Pixel_11Px.h">
      <Filter>源文件\imGuiHelper\fonts</Filter>
    </ClInclude>
    <ClInclude Include="KeybindModule.h">
      <Filter>源文件\core\items\virtual\Modules</Filter>
    </ClInclude>
    <ClInclude Include="Menu.h">
      <Filter>源文件\ui\menu</Filter>
    </ClInclude>
    <ClInclude Include="ImguiSty.h">
      <Filter>源文件\imGuiHelper</Filter>
    </ClInclude>
    <ClInclude Include="Run.h">
      <Filter>源文件\ui</Filter>
    </ClInclude>
  </ItemGroup>
  <ItemGroup>
    <ClCompile Include="dllmain.cpp">
      <Filter>源文件</Filter>
    </ClCompile>
    <ClCompile Include="pch.cpp">
      <Filter>源文件</Filter>
    </ClCompile>
    <ClCompile Include="imgui\imgui_demo.cpp">
      <Filter>imgui</Filter>
    </ClCompile>
    <ClCompile Include="imgui\imgui_draw.cpp">
      <Filter>imgui</Filter>
    </ClCompile>
    <ClCompile Include="imgui\imgui_impl_opengl2.cpp">
      <Filter>imgui</Filter>
    </ClCompile>
    <ClCompile Include="imgui\imgui_impl_opengl3.cpp">
      <Filter>imgui</Filter>
    </ClCompile>
    <ClCompile Include="imgui\imgui_impl_win32.cpp">
      <Filter>imgui</Filter>
    </ClCompile>
    <ClCompile Include="imgui\imgui_tables.cpp">
      <Filter>imgui</Filter>
    </ClCompile>
    <ClCompile Include="imgui\imgui_widgets.cpp">
      <Filter>imgui</Filter>
    </ClCompile>
    <ClCompile Include="imgui\imgui.cpp">
      <Filter>imgui</Filter>
    </ClCompile>
    <ClCompile Include="ItemManager.cpp">
      <Filter>源文件\core</Filter>
    </ClCompile>
    <ClCompile Include="ConfigManager.cpp">
      <Filter>源文件\config</Filter>
    </ClCompile>
    <ClCompile Include="GlobalConfig.cpp">
      <Filter>源文件\config</Filter>
    </ClCompile>
    <ClCompile Include="HttpClient.cpp">
      <Filter>源文件\utils</Filter>
    </ClCompile>
    <ClCompile Include="AudioManager.cpp">
      <Filter>源文件\AudioEngine</Filter>
    </ClCompile>
    <ClCompile Include="App.cpp">
      <Filter>源文件\App</Filter>
    </ClCompile>
    <ClCompile Include="BilibiliFansItem.cpp">
      <Filter>源文件\core\items\huds</Filter>
    </ClCompile>
    <ClCompile Include="CounterItem.cpp">
      <Filter>源文件\core\items\huds</Filter>
    </ClCompile>
    <ClCompile Include="DanmakuItem.cpp">
      <Filter>源文件\core\items\huds</Filter>
    </ClCompile>
    <ClCompile Include="FileCountItem.cpp">
      <Filter>源文件\core\items\huds</Filter>
    </ClCompile>
    <ClCompile Include="FpsItem.cpp">
      <Filter>源文件\core\items\huds</Filter>
    </ClCompile>
    <ClCompile Include="TextItem.cpp">
      <Filter>源文件\core\items\huds</Filter>
    </ClCompile>
    <ClCompile Include="TimeItem.cpp">
      <Filter>源文件\core\items\huds</Filter>
    </ClCompile>
    <ClCompile Include="WindowSnapper.cpp">
      <Filter>源文件\core\items\virtual\Modules</Filter>
    </ClCompile>
    <ClCompile Include="StringConverter.cpp">
      <Filter>源文件\utils</Filter>
    </ClCompile>
    <ClCompile Include="mian.cpp">
      <Filter>源文件</Filter>
    </ClCompile>
    <ClCompile Include="Menu.cpp">
      <Filter>源文件\ui\menu</Filter>
    </ClCompile>
    <ClCompile Include="Run.cpp">
      <Filter>源文件\ui</Filter>
    </ClCompile>
  </ItemGroup>
  <ItemGroup>
    <Library Include="minHook\libMinHook.x64.lib">
      <Filter>minHook</Filter>
    </Library>
  </ItemGroup>
</Project>